// !$*UTF8*$!
{
	archiveVersion = 1;
	classes = {
	};
	objectVersion = 46;
	objects = {

/* Begin PBXBuildFile section */
		45D8D69918EEABD80083253E /* Foundation.framework in Frameworks */ = {isa = PBXBuildFile; fileRef = 45D8D69818EEABD80083253E /* Foundation.framework */; };
		45D8D69B18EEABD80083253E /* CoreGraphics.framework in Frameworks */ = {isa = PBXBuildFile; fileRef = 45D8D69A18EEABD80083253E /* CoreGraphics.framework */; };
		45D8D69D18EEABD80083253E /* UIKit.framework in Frameworks */ = {isa = PBXBuildFile; fileRef = 45D8D69C18EEABD80083253E /* UIKit.framework */; };
		45D8D6A318EEABD80083253E /* InfoPlist.strings in Resources */ = {isa = PBXBuildFile; fileRef = 45D8D6A118EEABD80083253E /* InfoPlist.strings */; };
		45D8D6A518EEABD80083253E /* main.m in Sources */ = {isa = PBXBuildFile; fileRef = 45D8D6A418EEABD80083253E /* main.m */; };
		45D8D6A918EEABD80083253E /* AppDelegate.m in Sources */ = {isa = PBXBuildFile; fileRef = 45D8D6A818EEABD80083253E /* AppDelegate.m */; };
		45D8D6AB18EEABD80083253E /* Images.xcassets in Resources */ = {isa = PBXBuildFile; fileRef = 45D8D6AA18EEABD80083253E /* Images.xcassets */; };
		45D8D6B218EEABD80083253E /* XCTest.framework in Frameworks */ = {isa = PBXBuildFile; fileRef = 45D8D6B118EEABD80083253E /* XCTest.framework */; };
		45D8D6B318EEABD80083253E /* Foundation.framework in Frameworks */ = {isa = PBXBuildFile; fileRef = 45D8D69818EEABD80083253E /* Foundation.framework */; };
		45D8D6B418EEABD80083253E /* UIKit.framework in Frameworks */ = {isa = PBXBuildFile; fileRef = 45D8D69C18EEABD80083253E /* UIKit.framework */; };
		45D8D6BC18EEABD80083253E /* InfoPlist.strings in Resources */ = {isa = PBXBuildFile; fileRef = 45D8D6BA18EEABD80083253E /* InfoPlist.strings */; };
		45D8D6BE18EEABD80083253E /* TestGitProjectTests.m in Sources */ = {isa = PBXBuildFile; fileRef = 45D8D6BD18EEABD80083253E /* TestGitProjectTests.m */; };
/* End PBXBuildFile section */

/* Begin PBXContainerItemProxy section */
		45D8D6B518EEABD80083253E /* PBXContainerItemProxy */ = {
			isa = PBXContainerItemProxy;
			containerPortal = 45D8D68D18EEABD80083253E /* Project object */;
			proxyType = 1;
			remoteGlobalIDString = 45D8D69418EEABD80083253E;
			remoteInfo = TestGitProject;
		};
/* End PBXContainerItemProxy section */

/* Begin PBXFileReference section */
		45D8D69518EEABD80083253E /* TestGitProject.app */ = {isa = PBXFileReference; explicitFileType = wrapper.application; includeInIndex = 0; path = TestGitProject.app; sourceTree = BUILT_PRODUCTS_DIR; };
		45D8D69818EEABD80083253E /* Foundation.framework */ = {isa = PBXFileReference; lastKnownFileType = wrapper.framework; name = Foundation.framework; path = System/Library/Frameworks/Foundation.framework; sourceTree = SDKROOT; };
		45D8D69A18EEABD80083253E /* CoreGraphics.framework */ = {isa = PBXFileReference; lastKnownFileType = wrapper.framework; name = CoreGraphics.framework; path = System/Library/Frameworks/CoreGraphics.framework; sourceTree = SDKROOT; };
		45D8D69C18EEABD80083253E /* UIKit.framework */ = {isa = PBXFileReference; lastKnownFileType = wrapper.framework; name = UIKit.framework; path = System/Library/Frameworks/UIKit.framework; sourceTree = SDKROOT; };
		45D8D6A018EEABD80083253E /* TestGitProject-Info.plist */ = {isa = PBXFileReference; lastKnownFileType = text.plist.xml; path = "TestGitProject-Info.plist"; sourceTree = "<group>"; };
		45D8D6A218EEABD80083253E /* en */ = {isa = PBXFileReference; lastKnownFileType = text.plist.strings; name = en; path = en.lproj/InfoPlist.strings; sourceTree = "<group>"; };
		45D8D6A418EEABD80083253E /* main.m */ = {isa = PBXFileReference; lastKnownFileType = sourcecode.c.objc; path = main.m; sourceTree = "<group>"; };
		45D8D6A618EEABD80083253E /* TestGitProject-Prefix.pch */ = {isa = PBXFileReference; lastKnownFileType = sourcecode.c.h; path = "TestGitProject-Prefix.pch"; sourceTree = "<group>"; };
		45D8D6A718EEABD80083253E /* AppDelegate.h */ = {isa = PBXFileReference; lastKnownFileType = sourcecode.c.h; path = AppDelegate.h; sourceTree = "<group>"; };
		45D8D6A818EEABD80083253E /* AppDelegate.m */ = {isa = PBXFileReference; lastKnownFileType = sourcecode.c.objc; path = AppDelegate.m; sourceTree = "<group>"; };
		45D8D6AA18EEABD80083253E /* Images.xcassets */ = {isa = PBXFileReference; lastKnownFileType = folder.assetcatalog; path = Images.xcassets; sourceTree = "<group>"; };
		45D8D6B018EEABD80083253E /* TestGitProjectTests.xctest */ = {isa = PBXFileReference; explicitFileType = wrapper.cfbundle; includeInIndex = 0; path = TestGitProjectTests.xctest; sourceTree = BUILT_PRODUCTS_DIR; };
		45D8D6B118EEABD80083253E /* XCTest.framework */ = {isa = PBXFileReference; lastKnownFileType = wrapper.framework; name = XCTest.framework; path = Library/Frameworks/XCTest.framework; sourceTree = DEVELOPER_DIR; };
		45D8D6B918EEABD80083253E /* TestGitProjectTests-Info.plist */ = {isa = PBXFileReference; lastKnownFileType = text.plist.xml; path = "TestGitProjectTests-Info.plist"; sourceTree = "<group>"; };
		45D8D6BB18EEABD80083253E /* en */ = {isa = PBXFileReference; lastKnownFileType = text.plist.strings; name = en; path = en.lproj/InfoPlist.strings; sourceTree = "<group>"; };
		45D8D6BD18EEABD80083253E /* TestGitProjectTests.m */ = {isa = PBXFileReference; lastKnownFileType = sourcecode.c.objc; path = TestGitProjectTests.m; sourceTree = "<group>"; };
/* End PBXFileReference section */

/* Begin PBXFrameworksBuildPhase section */
		45D8D69218EEABD80083253E /* Frameworks */ = {
			isa = PBXFrameworksBuildPhase;
			buildActionMask = 2147483647;
			files = (
				45D8D69B18EEABD80083253E /* CoreGraphics.framework in Frameworks */,
				45D8D69D18EEABD80083253E /* UIKit.framework in Frameworks */,
				45D8D69918EEABD80083253E /* Foundation.framework in Frameworks */,
			);
			runOnlyForDeploymentPostprocessing = 0;
		};
		45D8D6AD18EEABD80083253E /* Frameworks */ = {
			isa = PBXFrameworksBuildPhase;
			buildActionMask = 2147483647;
			files = (
				45D8D6B218EEABD80083253E /* XCTest.framework in Frameworks */,
				45D8D6B418EEABD80083253E /* UIKit.framework in Frameworks */,
				45D8D6B318EEABD80083253E /* Foundation.framework in Frameworks */,
			);
			runOnlyForDeploymentPostprocessing = 0;
		};
/* End PBXFrameworksBuildPhase section */

/* Begin PBXGroup section */
		45D8D68C18EEABD80083253E = {
			isa = PBXGroup;
			children = (
				45D8D69E18EEABD80083253E /* TestGitProject */,
				45D8D6B718EEABD80083253E /* TestGitProjectTests */,
				45D8D69718EEABD80083253E /* Frameworks */,
				45D8D69618EEABD80083253E /* Products */,
			);
			sourceTree = "<group>";
		};
		45D8D69618EEABD80083253E /* Products */ = {
			isa = PBXGroup;
			children = (
				45D8D69518EEABD80083253E /* TestGitProject.app */,
				45D8D6B018EEABD80083253E /* TestGitProjectTests.xctest */,
			);
			name = Products;
			sourceTree = "<group>";
		};
		45D8D69718EEABD80083253E /* Frameworks */ = {
			isa = PBXGroup;
			children = (
				45D8D69818EEABD80083253E /* Foundation.framework */,
				45D8D69A18EEABD80083253E /* CoreGraphics.framework */,
				45D8D69C18EEABD80083253E /* UIKit.framework */,
				45D8D6B118EEABD80083253E /* XCTest.framework */,
			);
			name = Frameworks;
			sourceTree = "<group>";
		};
		45D8D69E18EEABD80083253E /* TestGitProject */ = {
			isa = PBXGroup;
			children = (
				45D8D6A718EEABD80083253E /* AppDelegate.h */,
				45D8D6A818EEABD80083253E /* AppDelegate.m */,
				45D8D6AA18EEABD80083253E /* Images.xcassets */,
				45D8D69F18EEABD80083253E /* Supporting Files */,
			);
			path = TestGitProject;
			sourceTree = "<group>";
		};
		45D8D69F18EEABD80083253E /* Supporting Files */ = {
			isa = PBXGroup;
			children = (
				45D8D6A018EEABD80083253E /* TestGitProject-Info.plist */,
				45D8D6A118EEABD80083253E /* InfoPlist.strings */,
				45D8D6A418EEABD80083253E /* main.m */,
				45D8D6A618EEABD80083253E /* TestGitProject-Prefix.pch */,
			);
			name = "Supporting Files";
			sourceTree = "<group>";
		};
		45D8D6B718EEABD80083253E /* TestGitProjectTests */ = {
			isa = PBXGroup;
			children = (
				45D8D6BD18EEABD80083253E /* TestGitProjectTests.m */,
				45D8D6B818EEABD80083253E /* Supporting Files */,
			);
			path = TestGitProjectTests;
			sourceTree = "<group>";
		};
		45D8D6B818EEABD80083253E /* Supporting Files */ = {
			isa = PBXGroup;
			children = (
				45D8D6B918EEABD80083253E /* TestGitProjectTests-Info.plist */,
				45D8D6BA18EEABD80083253E /* InfoPlist.strings */,
			);
			name = "Supporting Files";
			sourceTree = "<group>";
		};
/* End PBXGroup section */

/* Begin PBXNativeTarget section */
		45D8D69418EEABD80083253E /* TestGitProject */ = {
			isa = PBXNativeTarget;
			buildConfigurationList = 45D8D6C118EEABD80083253E /* Build configuration list for PBXNativeTarget "TestGitProject" */;
			buildPhases = (
				45D8D69118EEABD80083253E /* Sources */,
				45D8D69218EEABD80083253E /* Frameworks */,
				45D8D69318EEABD80083253E /* Resources */,
			);
			buildRules = (
			);
			dependencies = (
			);
			name = TestGitProject;
			productName = TestGitProject;
			productReference = 45D8D69518EEABD80083253E /* TestGitProject.app */;
			productType = "com.apple.product-type.application";
		};
		45D8D6AF18EEABD80083253E /* TestGitProjectTests */ = {
			isa = PBXNativeTarget;
			buildConfigurationList = 45D8D6C418EEABD80083253E /* Build configuration list for PBXNativeTarget "TestGitProjectTests" */;
			buildPhases = (
				45D8D6AC18EEABD80083253E /* Sources */,
				45D8D6AD18EEABD80083253E /* Frameworks */,
				45D8D6AE18EEABD80083253E /* Resources */,
			);
			buildRules = (
			);
			dependencies = (
				45D8D6B618EEABD80083253E /* PBXTargetDependency */,
			);
			name = TestGitProjectTests;
			productName = TestGitProjectTests;
			productReference = 45D8D6B018EEABD80083253E /* TestGitProjectTests.xctest */;
			productType = "com.apple.product-type.bundle.unit-test";
		};
/* End PBXNativeTarget section */

/* Begin PBXProject section */
		45D8D68D18EEABD80083253E /* Project object */ = {
			isa = PBXProject;
			attributes = {
				LastUpgradeCheck = 0510;
				ORGANIZATIONNAME = "___FULLUSERNAME___";
				TargetAttributes = {
					45D8D6AF18EEABD80083253E = {
						TestTargetID = 45D8D69418EEABD80083253E;
					};
				};
			};
			buildConfigurationList = 45D8D69018EEABD80083253E /* Build configuration list for PBXProject "TestGitProject" */;
			compatibilityVersion = "Xcode 3.2";
			developmentRegion = English;
			hasScannedForEncodings = 0;
			knownRegions = (
				en,
			);
			mainGroup = 45D8D68C18EEABD80083253E;
			productRefGroup = 45D8D69618EEABD80083253E /* Products */;
			projectDirPath = "";
			projectRoot = "";
			targets = (
				45D8D69418EEABD80083253E /* TestGitProject */,
				45D8D6AF18EEABD80083253E /* TestGitProjectTests */,
			);
		};
/* End PBXProject section */

/* Begin PBXResourcesBuildPhase section */
		45D8D69318EEABD80083253E /* Resources */ = {
			isa = PBXResourcesBuildPhase;
			buildActionMask = 2147483647;
			files = (
				45D8D6A318EEABD80083253E /* InfoPlist.strings in Resources */,
				45D8D6AB18EEABD80083253E /* Images.xcassets in Resources */,
			);
			runOnlyForDeploymentPostprocessing = 0;
		};
		45D8D6AE18EEABD80083253E /* Resources */ = {
			isa = PBXResourcesBuildPhase;
			buildActionMask = 2147483647;
			files = (
				45D8D6BC18EEABD80083253E /* InfoPlist.strings in Resources */,
			);
			runOnlyForDeploymentPostprocessing = 0;
		};
/* End PBXResourcesBuildPhase section */

/* Begin PBXSourcesBuildPhase section */
		45D8D69118EEABD80083253E /* Sources */ = {
			isa = PBXSourcesBuildPhase;
			buildActionMask = 2147483647;
			files = (
				45D8D6A918EEABD80083253E /* AppDelegate.m in Sources */,
				45D8D6A518EEABD80083253E /* main.m in Sources */,
			);
			runOnlyForDeploymentPostprocessing = 0;
		};
		45D8D6AC18EEABD80083253E /* Sources */ = {
			isa = PBXSourcesBuildPhase;
			buildActionMask = 2147483647;
			files = (
				45D8D6BE18EEABD80083253E /* TestGitProjectTests.m in Sources */,
			);
			runOnlyForDeploymentPostprocessing = 0;
		};
/* End PBXSourcesBuildPhase section */

/* Begin PBXTargetDependency section */
		45D8D6B618EEABD80083253E /* PBXTargetDependency */ = {
			isa = PBXTargetDependency;
			target = 45D8D69418EEABD80083253E /* TestGitProject */;
			targetProxy = 45D8D6B518EEABD80083253E /* PBXContainerItemProxy */;
		};
/* End PBXTargetDependency section */

/* Begin PBXVariantGroup section */
		45D8D6A118EEABD80083253E /* InfoPlist.strings */ = {
			isa = PBXVariantGroup;
			children = (
				45D8D6A218EEABD80083253E /* en */,
			);
			name = InfoPlist.strings;
			sourceTree = "<group>";
		};
		45D8D6BA18EEABD80083253E /* InfoPlist.strings */ = {
			isa = PBXVariantGroup;
			children = (
				45D8D6BB18EEABD80083253E /* en */,
			);
			name = InfoPlist.strings;
			sourceTree = "<group>";
		};
/* End PBXVariantGroup section */

/* Begin XCBuildConfiguration section */
		45D8D6BF18EEABD80083253E /* Debug */ = {
			isa = XCBuildConfiguration;
			buildSettings = {
				ALWAYS_SEARCH_USER_PATHS = NO;
				CLANG_CXX_LANGUAGE_STANDARD = "gnu++0x";
				CLANG_CXX_LIBRARY = "libc++";
				CLANG_ENABLE_MODULES = YES;
				CLANG_ENABLE_OBJC_ARC = YES;
				CLANG_WARN_BOOL_CONVERSION = YES;
				CLANG_WARN_CONSTANT_CONVERSION = YES;
				CLANG_WARN_DIRECT_OBJC_ISA_USAGE = YES_ERROR;
				CLANG_WARN_EMPTY_BODY = YES;
				CLANG_WARN_ENUM_CONVERSION = YES;
				CLANG_WARN_INT_CONVERSION = YES;
				CLANG_WARN_OBJC_ROOT_CLASS = YES_ERROR;
				CLANG_WARN__DUPLICATE_METHOD_MATCH = YES;
				"CODE_SIGN_IDENTITY[sdk=iphoneos*]" = "iPhone Developer";
				COPY_PHASE_STRIP = NO;
				GCC_C_LANGUAGE_STANDARD = gnu99;
				GCC_DYNAMIC_NO_PIC = NO;
				GCC_OPTIMIZATION_LEVEL = 0;
				GCC_PREPROCESSOR_DEFINITIONS = (
					"DEBUG=1",
					"$(inherited)",
				);
				GCC_SYMBOLS_PRIVATE_EXTERN = NO;
				GCC_WARN_64_TO_32_BIT_CONVERSION = YES;
				GCC_WARN_ABOUT_RETURN_TYPE = YES_ERROR;
				GCC_WARN_UNDECLARED_SELECTOR = YES;
				GCC_WARN_UNINITIALIZED_AUTOS = YES_AGGRESSIVE;
				GCC_WARN_UNUSED_FUNCTION = YES;
				GCC_WARN_UNUSED_VARIABLE = YES;
				IPHONEOS_DEPLOYMENT_TARGET = 7.1;
				ONLY_ACTIVE_ARCH = YES;
				SDKROOT = iphoneos;
				TARGETED_DEVICE_FAMILY = "1,2";
			};
			name = Debug;
		};
		45D8D6C018EEABD80083253E /* Release */ = {
			isa = XCBuildConfiguration;
			buildSettings = {
				ALWAYS_SEARCH_USER_PATHS = NO;
				CLANG_CXX_LANGUAGE_STANDARD = "gnu++0x";
				CLANG_CXX_LIBRARY = "libc++";
				CLANG_ENABLE_MODULES = YES;
				CLANG_ENABLE_OBJC_ARC = YES;
				CLANG_WARN_BOOL_CONVERSION = YES;
				CLANG_WARN_CONSTANT_CONVERSION = YES;
				CLANG_WARN_DIRECT_OBJC_ISA_USAGE = YES_ERROR;
				CLANG_WARN_EMPTY_BODY = YES;
				CLANG_WARN_ENUM_CONVERSION = YES;
				CLANG_WARN_INT_CONVERSION = YES;
				CLANG_WARN_OBJC_ROOT_CLASS = YES_ERROR;
				CLANG_WARN__DUPLICATE_METHOD_MATCH = YES;
				"CODE_SIGN_IDENTITY[sdk=iphoneos*]" = "iPhone Developer";
				COPY_PHASE_STRIP = YES;
				ENABLE_NS_ASSERTIONS = NO;
				GCC_C_LANGUAGE_STANDARD = gnu99;
				GCC_WARN_64_TO_32_BIT_CONVERSION = YES;
				GCC_WARN_ABOUT_RETURN_TYPE = YES_ERROR;
				GCC_WARN_UNDECLARED_SELECTOR = YES;
				GCC_WARN_UNINITIALIZED_AUTOS = YES_AGGRESSIVE;
				GCC_WARN_UNUSED_FUNCTION = YES;
				GCC_WARN_UNUSED_VARIABLE = YES;
				IPHONEOS_DEPLOYMENT_TARGET = 7.1;
				SDKROOT = iphoneos;
				TARGETED_DEVICE_FAMILY = "1,2";
				VALIDATE_PRODUCT = YES;
			};
			name = Release;
		};
		45D8D6C218EEABD80083253E /* Debug */ = {
			isa = XCBuildConfiguration;
			buildSettings = {
				ASSETCATALOG_COMPILER_APPICON_NAME = AppIcon;
				ASSETCATALOG_COMPILER_LAUNCHIMAGE_NAME = LaunchImage;
				GCC_PRECOMPILE_PREFIX_HEADER = YES;
				GCC_PREFIX_HEADER = "TestGitProject/TestGitProject-Prefix.pch";
				INFOPLIST_FILE = "TestGitProject/TestGitProject-Info.plist";
				PRODUCT_NAME = "$(TARGET_NAME)";
				WRAPPER_EXTENSION = app;
			};
			name = Debug;
		};
		45D8D6C318EEABD80083253E /* Release */ = {
			isa = XCBuildConfiguration;
			buildSettings = {
				ASSETCATALOG_COMPILER_APPICON_NAME = AppIcon;
				ASSETCATALOG_COMPILER_LAUNCHIMAGE_NAME = LaunchImage;
				GCC_PRECOMPILE_PREFIX_HEADER = YES;
				GCC_PREFIX_HEADER = "TestGitProject/TestGitProject-Prefix.pch";
				INFOPLIST_FILE = "TestGitProject/TestGitProject-Info.plist";
				PRODUCT_NAME = "$(TARGET_NAME)";
				WRAPPER_EXTENSION = app;
			};
			name = Release;
		};
		45D8D6C518EEABD80083253E /* Debug */ = {
			isa = XCBuildConfiguration;
			buildSettings = {
				BUNDLE_LOADER = "$(BUILT_PRODUCTS_DIR)/TestGitProject.app/TestGitProject";
				FRAMEWORK_SEARCH_PATHS = (
					"$(SDKROOT)/Developer/Library/Frameworks",
					"$(inherited)",
					"$(DEVELOPER_FRAMEWORKS_DIR)",
				);
				GCC_PRECOMPILE_PREFIX_HEADER = YES;
				GCC_PREFIX_HEADER = "TestGitProject/TestGitProject-Prefix.pch";
				GCC_PREPROCESSOR_DEFINITIONS = (
					"DEBUG=1",
					"$(inherited)",
				);
				INFOPLIST_FILE = "TestGitProjectTests/TestGitProjectTests-Info.plist";
				PRODUCT_NAME = "$(TARGET_NAME)";
				TEST_HOST = "$(BUNDLE_LOADER)";
				WRAPPER_EXTENSION = xctest;
			};
			name = Debug;
		};
		45D8D6C618EEABD80083253E /* Release */ = {
			isa = XCBuildConfiguration;
			buildSettings = {
				BUNDLE_LOADER = "$(BUILT_PRODUCTS_DIR)/TestGitProject.app/TestGitProject";
				FRAMEWORK_SEARCH_PATHS = (
					"$(SDKROOT)/Developer/Library/Frameworks",
					"$(inherited)",
					"$(DEVELOPER_FRAMEWORKS_DIR)",
				);
				GCC_PRECOMPILE_PREFIX_HEADER = YES;
				GCC_PREFIX_HEADER = "TestGitProject/TestGitProject-Prefix.pch";
				INFOPLIST_FILE = "TestGitProjectTests/TestGitProjectTests-Info.plist";
				PRODUCT_NAME = "$(TARGET_NAME)";
				TEST_HOST = "$(BUNDLE_LOADER)";
				WRAPPER_EXTENSION = xctest;
			};
			name = Release;
		};
/* End XCBuildConfiguration section */

/* Begin XCConfigurationList section */
		45D8D69018EEABD80083253E /* Build configuration list for PBXProject "TestGitProject" */ = {
			isa = XCConfigurationList;
			buildConfigurations = (
				45D8D6BF18EEABD80083253E /* Debug */,
				45D8D6C018EEABD80083253E /* Release */,
			);
			defaultConfigurationIsVisible = 0;
			defaultConfigurationName = Release;
		};
		45D8D6C118EEABD80083253E /* Build configuration list for PBXNativeTarget "TestGitProject" */ = {
			isa = XCConfigurationList;
			buildConfigurations = (
				45D8D6C218EEABD80083253E /* Debug */,
				45D8D6C318EEABD80083253E /* Release */,
			);
			defaultConfigurationIsVisible = 0;
		};
		45D8D6C418EEABD80083253E /* Build configuration list for PBXNativeTarget "TestGitProjectTests" */ = {
			isa = XCConfigurationList;
			buildConfigurations = (
				45D8D6C518EEABD80083253E /* Debug */,
				45D8D6C618EEABD80083253E /* Release */,
			);
			defaultConfigurationIsVisible = 0;
		};
/* End XCConfigurationList section */
	};
	rootObject = 45D8D68D18EEABD80083253E /* Project object */;
}
